
Microsoft Visual Studio Solution File, Format Version 12.00
# Visual Studio Version 16
VisualStudioVersion = 16.0.31729.503
MinimumVisualStudioVersion = 10.0.40219.1
Project("{FAE04EC0-301F-11D3-BF4B-00C04F79EFBC}") = "Project_Market", "Project_Market.csproj", "{1A961DF8-D63A-4202-8337-CC6C2664B091}"
EndProject
Global
	GlobalSection(SolutionConfigurationPlatforms) = preSolution
		Debug|Any CPU = Debug|Any CPU
		Release|Any CPU = Release|Any CPU
	EndGlobalSection
	GlobalSection(ProjectConfigurationPlatforms) = postSolution
		{1A961DF8-D63A-4202-8337-CC6C2664B091}.Debug|Any CPU.ActiveCfg = Debug|Any CPU
		{1A961DF8-D63A-4202-8337-CC6C2664B091}.Debug|Any CPU.Build.0 = Debug|Any CPU
		{1A961DF8-D63A-4202-8337-CC6C2664B091}.Release|Any CPU.ActiveCfg = Release|Any CPU
		{1A961DF8-D63A-4202-8337-CC6C2664B091}.Release|Any CPU.Build.0 = Release|Any CPU
	EndGlobalSection
	GlobalSection(SolutionProperties) = preSolution
		HideSolutionNode = FALSE
	EndGlobalSection
	GlobalSection(ExtensibilityGlobals) = postSolution
		SolutionGuid = {D0F5E5FF-A534-4CAA-BE2A-7B96D0467585}
	EndGlobalSection
EndGlobal
